// !$*UTF8*$!
{
	archiveVersion = 1;
	classes = {
	};
	objectVersion = 50;
	objects = {

/* Begin PBXBuildFile section */
		CF1228B721FE7B4A004B46BD /* AppDelegate.swift in Sources */ = {isa = PBXBuildFile; fileRef = CF1228B621FE7B4A004B46BD /* AppDelegate.swift */; };
		CF1228B921FE7B4A004B46BD /* ViewController.swift in Sources */ = {isa = PBXBuildFile; fileRef = CF1228B821FE7B4A004B46BD /* ViewController.swift */; };
		CF1228BC21FE7B4A004B46BD /* Main.storyboard in Resources */ = {isa = PBXBuildFile; fileRef = CF1228BA21FE7B4A004B46BD /* Main.storyboard */; };
		CF1228BE21FE7B4C004B46BD /* Assets.xcassets in Resources */ = {isa = PBXBuildFile; fileRef = CF1228BD21FE7B4C004B46BD /* Assets.xcassets */; };
		CF1228C121FE7B4C004B46BD /* LaunchScreen.storyboard in Resources */ = {isa = PBXBuildFile; fileRef = CF1228BF21FE7B4C004B46BD /* LaunchScreen.storyboard */; };
		CF1228CA2200FAB0004B46BD /* Calculator.swift in Sources */ = {isa = PBXBuildFile; fileRef = CF1228C92200FAB0004B46BD /* Calculator.swift */; };
/* End PBXBuildFile section */

/* Begin PBXFileReference section */
		CF1228B321FE7B4A004B46BD /* Basic Calculator.app */ = {isa = PBXFileReference; explicitFileType = wrapper.application; includeInIndex = 0; path = "Basic Calculator.app"; sourceTree = BUILT_PRODUCTS_DIR; };
		CF1228B621FE7B4A004B46BD /* AppDelegate.swift */ = {isa = PBXFileReference; lastKnownFileType = sourcecode.swift; path = AppDelegate.swift; sourceTree = "<group>"; };
		CF1228B821FE7B4A004B46BD /* ViewController.swift */ = {isa = PBXFileReference; lastKnownFileType = sourcecode.swift; path = ViewController.swift; sourceTree = "<group>"; };
		CF1228BB21FE7B4A004B46BD /* Base */ = {isa = PBXFileReference; lastKnownFileType = file.storyboard; name = Base; path = Base.lproj/Main.storyboard; sourceTree = "<group>"; };
		CF1228BD21FE7B4C004B46BD /* Assets.xcassets */ = {isa = PBXFileReference; lastKnownFileType = folder.assetcatalog; path = Assets.xcassets; sourceTree = "<group>"; };
		CF1228C021FE7B4C004B46BD /* Base */ = {isa = PBXFileReference; lastKnownFileType = file.storyboard; name = Base; path = Base.lproj/LaunchScreen.storyboard; sourceTree = "<group>"; };
		CF1228C221FE7B4C004B46BD /* Info.plist */ = {isa = PBXFileReference; lastKnownFileType = text.plist.xml; path = Info.plist; sourceTree = "<group>"; };
		CF1228C92200FAB0004B46BD /* Calculator.swift */ = {isa = PBXFileReference; lastKnownFileType = sourcecode.swift; path = Calculator.swift; sourceTree = "<group>"; };
/* End PBXFileReference section */

/* Begin PBXFrameworksBuildPhase section */
		CF1228B021FE7B4A004B46BD /* Frameworks */ = {
			isa = PBXFrameworksBuildPhase;
			buildActionMask = 2147483647;
			files = (
			);
			runOnlyForDeploymentPostprocessing = 0;
		};
/* End PBXFrameworksBuildPhase section */

/* Begin PBXGroup section */
		CF1228AA21FE7B4A004B46BD = {
			isa = PBXGroup;
			children = (
				CF1228B521FE7B4A004B46BD /* Basic Calculator */,
				CF1228B421FE7B4A004B46BD /* Products */,
			);
			sourceTree = "<group>";
		};
		CF1228B421FE7B4A004B46BD /* Products */ = {
			isa = PBXGroup;
			children = (
				CF1228B321FE7B4A004B46BD /* Basic Calculator.app */,
			);
			name = Products;
			sourceTree = "<group>";
		};
		CF1228B521FE7B4A004B46BD /* Basic Calculator */ = {
			isa = PBXGroup;
			children = (
				CF1228C821FE7E5D004B46BD /* Supporting Files */,
				CF1228B821FE7B4A004B46BD /* ViewController.swift */,
				CF1228BA21FE7B4A004B46BD /* Main.storyboard */,
				CF1228CC22010828004B46BD /* Models */,
				CF1228C221FE7B4C004B46BD /* Info.plist */,
			);
			path = "Basic Calculator";
			sourceTree = "<group>";
		};
		CF1228C821FE7E5D004B46BD /* Supporting Files */ = {
			isa = PBXGroup;
			children = (
				CF1228B621FE7B4A004B46BD /* AppDelegate.swift */,
				CF1228BD21FE7B4C004B46BD /* Assets.xcassets */,
				CF1228BF21FE7B4C004B46BD /* LaunchScreen.storyboard */,
			);
			path = "Supporting Files";
			sourceTree = "<group>";
		};
		CF1228CC22010828004B46BD /* Models */ = {
			isa = PBXGroup;
			children = (
				CF1228C92200FAB0004B46BD /* Calculator.swift */,
			);
			path = Models;
			sourceTree = "<group>";
		};
/* End PBXGroup section */

/* Begin PBXNativeTarget section */
		CF1228B221FE7B4A004B46BD /* Basic Calculator */ = {
			isa = PBXNativeTarget;
			buildConfigurationList = CF1228C521FE7B4C004B46BD /* Build configuration list for PBXNativeTarget "Basic Calculator" */;
			buildPhases = (
				CF1228AF21FE7B4A004B46BD /* Sources */,
				CF1228B021FE7B4A004B46BD /* Frameworks */,
				CF1228B121FE7B4A004B46BD /* Resources */,
			);
			buildRules = (
			);
			dependencies = (
			);
			name = "Basic Calculator";
			productName = "Basic Calculator";
			productReference = CF1228B321FE7B4A004B46BD /* Basic Calculator.app */;
			productType = "com.apple.product-type.application";
		};
/* End PBXNativeTarget section */

/* Begin PBXProject section */
		CF1228AB21FE7B4A004B46BD /* Project object */ = {
			isa = PBXProject;
			attributes = {
				LastSwiftUpdateCheck = 1010;
				LastUpgradeCheck = 1010;
				ORGANIZATIONNAME = "Robert Herley";
				TargetAttributes = {
					CF1228B221FE7B4A004B46BD = {
						CreatedOnToolsVersion = 10.1;
					};
				};
			};
			buildConfigurationList = CF1228AE21FE7B4A004B46BD /* Build configuration list for PBXProject "Basic Calculator" */;
			compatibilityVersion = "Xcode 9.3";
			developmentRegion = en;
			hasScannedForEncodings = 0;
			knownRegions = (
				en,
				Base,
			);
			mainGroup = CF1228AA21FE7B4A004B46BD;
			productRefGroup = CF1228B421FE7B4A004B46BD /* Products */;
			projectDirPath = "";
			projectRoot = "";
			targets = (
				CF1228B221FE7B4A004B46BD /* Basic Calculator */,
			);
		};
/* End PBXProject section */

/* Begin PBXResourcesBuildPhase section */
		CF1228B121FE7B4A004B46BD /* Resources */ = {
			isa = PBXResourcesBuildPhase;
			buildActionMask = 2147483647;
			files = (
				CF1228C121FE7B4C004B46BD /* LaunchScreen.storyboard in Resources */,
				CF1228BE21FE7B4C004B46BD /* Assets.xcassets in Resources */,
				CF1228BC21FE7B4A004B46BD /* Main.storyboard in Resources */,
			);
			runOnlyForDeploymentPostprocessing = 0;
		};
/* End PBXResourcesBuildPhase section */

/* Begin PBXSourcesBuildPhase section */
		CF1228AF21FE7B4A004B46BD /* Sources */ = {
			isa = PBXSourcesBuildPhase;
			buildActionMask = 2147483647;
			files = (
				CF1228B921FE7B4A004B46BD /* ViewController.swift in Sources */,
				CF1228B721FE7B4A004B46BD /* AppDelegate.swift in Sources */,
				CF1228CA2200FAB0004B46BD /* Calculator.swift in Sources */,
			);
			runOnlyForDeploymentPostprocessing = 0;
		};
/* End PBXSourcesBuildPhase section */

/* Begin PBXVariantGroup section */
		CF1228BA21FE7B4A004B46BD /* Main.storyboard */ = {
			isa = PBXVariantGroup;
			children = (
				CF1228BB21FE7B4A004B46BD /* Base */,
			);
			name = Main.storyboard;
			sourceTree = "<group>";
		};
		CF1228BF21FE7B4C004B46BD /* LaunchScreen.storyboard */ = {
			isa = PBXVariantGroup;
			children = (
				CF1228C021FE7B4C004B46BD /* Base */,
			);
			name = LaunchScreen.storyboard;
			sourceTree = "<group>";
		};
/* End PBXVariantGroup section */

/* Begin XCBuildConfiguration section */
		CF1228C321FE7B4C004B46BD /* Debug */ = {
			isa = XCBuildConfiguration;
			buildSettings = {
				ALWAYS_SEARCH_USER_PATHS = NO;
				CLANG_ANALYZER_NONNULL = YES;
				CLANG_ANALYZER_NUMBER_OBJECT_CONVERSION = YES_AGGRESSIVE;
				CLANG_CXX_LANGUAGE_STANDARD = "gnu++14";
				CLANG_CXX_LIBRARY = "libc++";
				CLANG_ENABLE_MODULES = YES;
				CLANG_ENABLE_OBJC_ARC = YES;
				CLANG_ENABLE_OBJC_WEAK = YES;
				CLANG_WARN_BLOCK_CAPTURE_AUTORELEASING = YES;
				CLANG_WARN_BOOL_CONVERSION = YES;
				CLANG_WARN_COMMA = YES;
				CLANG_WARN_CONSTANT_CONVERSION = YES;
				CLANG_WARN_DEPRECATED_OBJC_IMPLEMENTATIONS = YES;
				CLANG_WARN_DIRECT_OBJC_ISA_USAGE = YES_ERROR;
				CLANG_WARN_DOCUMENTATION_COMMENTS = YES;
				CLANG_WARN_EMPTY_BODY = YES;
				CLANG_WARN_ENUM_CONVERSION = YES;
				CLANG_WARN_INFINITE_RECURSION = YES;
				CLANG_WARN_INT_CONVERSION = YES;
				CLANG_WARN_NON_LITERAL_NULL_CONVERSION = YES;
				CLANG_WARN_OBJC_IMPLICIT_RETAIN_SELF = YES;
				CLANG_WARN_OBJC_LITERAL_CONVERSION = YES;
				CLANG_WARN_OBJC_ROOT_CLASS = YES_ERROR;
				CLANG_WARN_RANGE_LOOP_ANALYSIS = YES;
				CLANG_WARN_STRICT_PROTOTYPES = YES;
				CLANG_WARN_SUSPICIOUS_MOVE = YES;
				CLANG_WARN_UNGUARDED_AVAILABILITY = YES_AGGRESSIVE;
				CLANG_WARN_UNREACHABLE_CODE = YES;
				CLANG_WARN__DUPLICATE_METHOD_MATCH = YES;
				CODE_SIGN_IDENTITY = "iPhone Developer";
				COPY_PHASE_STRIP = NO;
				DEBUG_INFORMATION_FORMAT = dwarf;
				ENABLE_STRICT_OBJC_MSGSEND = YES;
				ENABLE_TESTABILITY = YES;
				GCC_C_LANGUAGE_STANDARD = gnu11;
				GCC_DYNAMIC_NO_PIC = NO;
				GCC_NO_COMMON_BLOCKS = YES;
				GCC_OPTIMIZATION_LEVEL = 0;
				GCC_PREPROCESSOR_DEFINITIONS = (
					"DEBUG=1",
					"$(inherited)",
				);
				GCC_WARN_64_TO_32_BIT_CONVERSION = YES;
				GCC_WARN_ABOUT_RETURN_TYPE = YES_ERROR;
				GCC_WARN_UNDECLARED_SELECTOR = YES;
				GCC_WARN_UNINITIALIZED_AUTOS = YES_AGGRESSIVE;
				GCC_WARN_UNUSED_FUNCTION = YES;
				GCC_WARN_UNUSED_VARIABLE = YES;
				IPHONEOS_DEPLOYMENT_TARGET = 12.1;
				MTL_ENABLE_DEBUG_INFO = INCLUDE_SOURCE;
				MTL_FAST_MATH = YES;
				ONLY_ACTIVE_ARCH = YES;
				SDKROOT = iphoneos;
				SWIFT_ACTIVE_COMPILATION_CONDITIONS = DEBUG;
				SWIFT_OPTIMIZATION_LEVEL = "-Onone";
			};
			name = Debug;
		};
		CF1228C421FE7B4C004B46BD /* Release */ = {
			isa = XCBuildConfiguration;
			buildSettings = {
				ALWAYS_SEARCH_USER_PATHS = NO;
				CLANG_ANALYZER_NONNULL = YES;
				CLANG_ANALYZER_NUMBER_OBJECT_CONVERSION = YES_AGGRESSIVE;
				CLANG_CXX_LANGUAGE_STANDARD = "gnu++14";
				CLANG_CXX_LIBRARY = "libc++";
				CLANG_ENABLE_MODULES = YES;
				CLANG_ENABLE_OBJC_ARC = YES;
				CLANG_ENABLE_OBJC_WEAK = YES;
				CLANG_WARN_BLOCK_CAPTURE_AUTORELEASING = YES;
				CLANG_WARN_BOOL_CONVERSION = YES;
				CLANG_WARN_COMMA = YES;
				CLANG_WARN_CONSTANT_CONVERSION = YES;
				CLANG_WARN_DEPRECATED_OBJC_IMPLEMENTATIONS = YES;
				CLANG_WARN_DIRECT_OBJC_ISA_USAGE = YES_ERROR;
				CLANG_WARN_DOCUMENTATION_COMMENTS = YES;
				CLANG_WARN_EMPTY_BODY = YES;
				CLANG_WARN_ENUM_CONVERSION = YES;
				CLANG_WARN_INFINITE_RECURSION = YES;
				CLANG_WARN_INT_CONVERSION = YES;
				CLANG_WARN_NON_LITERAL_NULL_CONVERSION = YES;
				CLANG_WARN_OBJC_IMPLICIT_RETAIN_SELF = YES;
				CLANG_WARN_OBJC_LITERAL_CONVERSION = YES;
				CLANG_WARN_OBJC_ROOT_CLASS = YES_ERROR;
				CLANG_WARN_RANGE_LOOP_ANALYSIS = YES;
				CLANG_WARN_STRICT_PROTOTYPES = YES;
				CLANG_WARN_SUSPICIOUS_MOVE = YES;
				CLANG_WARN_UNGUARDED_AVAILABILITY = YES_AGGRESSIVE;
				CLANG_WARN_UNREACHABLE_CODE = YES;
				CLANG_WARN__DUPLICATE_METHOD_MATCH = YES;
				CODE_SIGN_IDENTITY = "iPhone Developer";
				COPY_PHASE_STRIP = NO;
				DEBUG_INFORMATION_FORMAT = "dwarf-with-dsym";
				ENABLE_NS_ASSERTIONS = NO;
				ENABLE_STRICT_OBJC_MSGSEND = YES;
				GCC_C_LANGUAGE_STANDARD = gnu11;
				GCC_NO_COMMON_BLOCKS = YES;
				GCC_WARN_64_TO_32_BIT_CONVERSION = YES;
				GCC_WARN_ABOUT_RETURN_TYPE = YES_ERROR;
				GCC_WARN_UNDECLARED_SELECTOR = YES;
				GCC_WARN_UNINITIALIZED_AUTOS = YES_AGGRESSIVE;
				GCC_WARN_UNUSED_FUNCTION = YES;
				GCC_WARN_UNUSED_VARIABLE = YES;
				IPHONEOS_DEPLOYMENT_TARGET = 12.1;
				MTL_ENABLE_DEBUG_INFO = NO;
				MTL_FAST_MATH = YES;
				SDKROOT = iphoneos;
				SWIFT_COMPILATION_MODE = wholemodule;
				SWIFT_OPTIMIZATION_LEVEL = "-O";
				VALIDATE_PRODUCT = YES;
			};
			name = Release;
		};
		CF1228C621FE7B4C004B46BD /* Debug */ = {
			isa = XCBuildConfiguration;
			buildSettings = {
				ASSETCATALOG_COMPILER_APPICON_NAME = AppIcon;
				CODE_SIGN_STYLE = Automatic;
				DEVELOPMENT_TEAM = LVR9F98W86;
				INFOPLIST_FILE = "Basic Calculator/Info.plist";
				LD_RUNPATH_SEARCH_PATHS = (
					"$(inherited)",
					"@executable_path/Frameworks",
				);
				PRODUCT_BUNDLE_IDENTIFIER = "xyz.robherley.Basic-Calculator";
				PRODUCT_NAME = "$(TARGET_NAME)";
				SWIFT_VERSION = 4.2;
				TARGETED_DEVICE_FAMILY = "1,2";
			};
			name = Debug;
		};
		CF1228C721FE7B4C004B46BD /* Release */ = {
			isa = XCBuildConfiguration;
			buildSettings = {
				ASSETCATALOG_COMPILER_APPICON_NAME = AppIcon;
				CODE_SIGN_STYLE = Automatic;
				DEVELOPMENT_TEAM = LVR9F98W86;
				INFOPLIST_FILE = "Basic Calculator/Info.plist";
				LD_RUNPATH_SEARCH_PATHS = (
					"$(inherited)",
					"@executable_path/Frameworks",
				);
				PRODUCT_BUNDLE_IDENTIFIER = "xyz.robherley.Basic-Calculator";
				PRODUCT_NAME = "$(TARGET_NAME)";
				SWIFT_VERSION = 4.2;
				TARGETED_DEVICE_FAMILY = "1,2";
			};
			name = Release;
		};
/* End XCBuildConfiguration section */

/* Begin XCConfigurationList section */
		CF1228AE21FE7B4A004B46BD /* Build configuration list for PBXProject "Basic Calculator" */ = {
			isa = XCConfigurationList;
			buildConfigurations = (
				CF1228C321FE7B4C004B46BD /* Debug */,
				CF1228C421FE7B4C004B46BD /* Release */,
			);
			defaultConfigurationIsVisible = 0;
			defaultConfigurationName = Release;
		};
		CF1228C521FE7B4C004B46BD /* Build configuration list for PBXNativeTarget "Basic Calculator" */ = {
			isa = XCConfigurationList;
			buildConfigurations = (
				CF1228C621FE7B4C004B46BD /* Debug */,
				CF1228C721FE7B4C004B46BD /* Release */,
			);
			defaultConfigurationIsVisible = 0;
			defaultConfigurationName = Release;
		};
/* End XCConfigurationList section */
	};
	rootObject = CF1228AB21FE7B4A004B46BD /* Project object */;
}
